// !$*UTF8*$!
{
	archiveVersion = 1;
	classes = {
	};
	objectVersion = 46;
	objects = {

/* Begin PBXBuildFile section */
		E4FDBE361DF90404001BD411 /* main.m in Sources */ = {isa = PBXBuildFile; fileRef = E4FDBE351DF90404001BD411 /* main.m */; };
		E4FDBE391DF90404001BD411 /* AppDelegate.m in Sources */ = {isa = PBXBuildFile; fileRef = E4FDBE381DF90404001BD411 /* AppDelegate.m */; };
		E4FDBE3C1DF90404001BD411 /* ViewController.m in Sources */ = {isa = PBXBuildFile; fileRef = E4FDBE3B1DF90404001BD411 /* ViewController.m */; };
		E4FDBE3F1DF90404001BD411 /* Main.storyboard in Resources */ = {isa = PBXBuildFile; fileRef = E4FDBE3D1DF90404001BD411 /* Main.storyboard */; };
		E4FDBE411DF90404001BD411 /* Assets.xcassets in Resources */ = {isa = PBXBuildFile; fileRef = E4FDBE401DF90404001BD411 /* Assets.xcassets */; };
		E4FDBE441DF90404001BD411 /* LaunchScreen.storyboard in Resources */ = {isa = PBXBuildFile; fileRef = E4FDBE421DF90404001BD411 /* LaunchScreen.storyboard */; };
		E4FDBE4F1DF90404001BD411 /* PhotoCutTests.m in Sources */ = {isa = PBXBuildFile; fileRef = E4FDBE4E1DF90404001BD411 /* PhotoCutTests.m */; };
		E4FDBE5A1DF90404001BD411 /* PhotoCutUITests.m in Sources */ = {isa = PBXBuildFile; fileRef = E4FDBE591DF90404001BD411 /* PhotoCutUITests.m */; };
/* End PBXBuildFile section */

/* Begin PBXContainerItemProxy section */
		E4FDBE4B1DF90404001BD411 /* PBXContainerItemProxy */ = {
			isa = PBXContainerItemProxy;
			containerPortal = E4FDBE291DF90404001BD411 /* Project object */;
			proxyType = 1;
			remoteGlobalIDString = E4FDBE301DF90404001BD411;
			remoteInfo = PhotoCut;
		};
		E4FDBE561DF90404001BD411 /* PBXContainerItemProxy */ = {
			isa = PBXContainerItemProxy;
			containerPortal = E4FDBE291DF90404001BD411 /* Project object */;
			proxyType = 1;
			remoteGlobalIDString = E4FDBE301DF90404001BD411;
			remoteInfo = PhotoCut;
		};
/* End PBXContainerItemProxy section */

/* Begin PBXFileReference section */
		E4FDBE311DF90404001BD411 /* PhotoCut.app */ = {isa = PBXFileReference; explicitFileType = wrapper.application; includeInIndex = 0; path = PhotoCut.app; sourceTree = BUILT_PRODUCTS_DIR; };
		E4FDBE351DF90404001BD411 /* main.m */ = {isa = PBXFileReference; lastKnownFileType = sourcecode.c.objc; path = main.m; sourceTree = "<group>"; };
		E4FDBE371DF90404001BD411 /* AppDelegate.h */ = {isa = PBXFileReference; lastKnownFileType = sourcecode.c.h; path = AppDelegate.h; sourceTree = "<group>"; };
		E4FDBE381DF90404001BD411 /* AppDelegate.m */ = {isa = PBXFileReference; lastKnownFileType = sourcecode.c.objc; path = AppDelegate.m; sourceTree = "<group>"; };
		E4FDBE3A1DF90404001BD411 /* ViewController.h */ = {isa = PBXFileReference; lastKnownFileType = sourcecode.c.h; path = ViewController.h; sourceTree = "<group>"; };
		E4FDBE3B1DF90404001BD411 /* ViewController.m */ = {isa = PBXFileReference; lastKnownFileType = sourcecode.c.objc; path = ViewController.m; sourceTree = "<group>"; };
		E4FDBE3E1DF90404001BD411 /* Base */ = {isa = PBXFileReference; lastKnownFileType = file.storyboard; name = Base; path = Base.lproj/Main.storyboard; sourceTree = "<group>"; };
		E4FDBE401DF90404001BD411 /* Assets.xcassets */ = {isa = PBXFileReference; lastKnownFileType = folder.assetcatalog; path = Assets.xcassets; sourceTree = "<group>"; };
		E4FDBE431DF90404001BD411 /* Base */ = {isa = PBXFileReference; lastKnownFileType = file.storyboard; name = Base; path = Base.lproj/LaunchScreen.storyboard; sourceTree = "<group>"; };
		E4FDBE451DF90404001BD411 /* Info.plist */ = {isa = PBXFileReference; lastKnownFileType = text.plist.xml; path = Info.plist; sourceTree = "<group>"; };
		E4FDBE4A1DF90404001BD411 /* PhotoCutTests.xctest */ = {isa = PBXFileReference; explicitFileType = wrapper.cfbundle; includeInIndex = 0; path = PhotoCutTests.xctest; sourceTree = BUILT_PRODUCTS_DIR; };
		E4FDBE4E1DF90404001BD411 /* PhotoCutTests.m */ = {isa = PBXFileReference; lastKnownFileType = sourcecode.c.objc; path = PhotoCutTests.m; sourceTree = "<group>"; };
		E4FDBE501DF90404001BD411 /* Info.plist */ = {isa = PBXFileReference; lastKnownFileType = text.plist.xml; path = Info.plist; sourceTree = "<group>"; };
		E4FDBE551DF90404001BD411 /* PhotoCutUITests.xctest */ = {isa = PBXFileReference; explicitFileType = wrapper.cfbundle; includeInIndex = 0; path = PhotoCutUITests.xctest; sourceTree = BUILT_PRODUCTS_DIR; };
		E4FDBE591DF90404001BD411 /* PhotoCutUITests.m */ = {isa = PBXFileReference; lastKnownFileType = sourcecode.c.objc; path = PhotoCutUITests.m; sourceTree = "<group>"; };
		E4FDBE5B1DF90404001BD411 /* Info.plist */ = {isa = PBXFileReference; lastKnownFileType = text.plist.xml; path = Info.plist; sourceTree = "<group>"; };
/* End PBXFileReference section */

/* Begin PBXFrameworksBuildPhase section */
		E4FDBE2E1DF90404001BD411 /* Frameworks */ = {
			isa = PBXFrameworksBuildPhase;
			buildActionMask = 2147483647;
			files = (
			);
			runOnlyForDeploymentPostprocessing = 0;
		};
		E4FDBE471DF90404001BD411 /* Frameworks */ = {
			isa = PBXFrameworksBuildPhase;
			buildActionMask = 2147483647;
			files = (
			);
			runOnlyForDeploymentPostprocessing = 0;
		};
		E4FDBE521DF90404001BD411 /* Frameworks */ = {
			isa = PBXFrameworksBuildPhase;
			buildActionMask = 2147483647;
			files = (
			);
			runOnlyForDeploymentPostprocessing = 0;
		};
/* End PBXFrameworksBuildPhase section */

/* Begin PBXGroup section */
		E4FDBE281DF90404001BD411 = {
			isa = PBXGroup;
			children = (
				E4FDBE331DF90404001BD411 /* PhotoCut */,
				E4FDBE4D1DF90404001BD411 /* PhotoCutTests */,
				E4FDBE581DF90404001BD411 /* PhotoCutUITests */,
				E4FDBE321DF90404001BD411 /* Products */,
			);
			sourceTree = "<group>";
		};
		E4FDBE321DF90404001BD411 /* Products */ = {
			isa = PBXGroup;
			children = (
				E4FDBE311DF90404001BD411 /* PhotoCut.app */,
				E4FDBE4A1DF90404001BD411 /* PhotoCutTests.xctest */,
				E4FDBE551DF90404001BD411 /* PhotoCutUITests.xctest */,
			);
			name = Products;
			sourceTree = "<group>";
		};
		E4FDBE331DF90404001BD411 /* PhotoCut */ = {
			isa = PBXGroup;
			children = (
				E4FDBE371DF90404001BD411 /* AppDelegate.h */,
				E4FDBE381DF90404001BD411 /* AppDelegate.m */,
				E4FDBE3A1DF90404001BD411 /* ViewController.h */,
				E4FDBE3B1DF90404001BD411 /* ViewController.m */,
				E4FDBE3D1DF90404001BD411 /* Main.storyboard */,
				E4FDBE401DF90404001BD411 /* Assets.xcassets */,
				E4FDBE421DF90404001BD411 /* LaunchScreen.storyboard */,
				E4FDBE451DF90404001BD411 /* Info.plist */,
				E4FDBE341DF90404001BD411 /* Supporting Files */,
			);
			path = PhotoCut;
			sourceTree = "<group>";
		};
		E4FDBE341DF90404001BD411 /* Supporting Files */ = {
			isa = PBXGroup;
			children = (
				E4FDBE351DF90404001BD411 /* main.m */,
			);
			name = "Supporting Files";
			sourceTree = "<group>";
		};
		E4FDBE4D1DF90404001BD411 /* PhotoCutTests */ = {
			isa = PBXGroup;
			children = (
				E4FDBE4E1DF90404001BD411 /* PhotoCutTests.m */,
				E4FDBE501DF90404001BD411 /* Info.plist */,
			);
			path = PhotoCutTests;
			sourceTree = "<group>";
		};
		E4FDBE581DF90404001BD411 /* PhotoCutUITests */ = {
			isa = PBXGroup;
			children = (
				E4FDBE591DF90404001BD411 /* PhotoCutUITests.m */,
				E4FDBE5B1DF90404001BD411 /* Info.plist */,
			);
			path = PhotoCutUITests;
			sourceTree = "<group>";
		};
/* End PBXGroup section */

/* Begin PBXNativeTarget section */
		E4FDBE301DF90404001BD411 /* PhotoCut */ = {
			isa = PBXNativeTarget;
			buildConfigurationList = E4FDBE5E1DF90404001BD411 /* Build configuration list for PBXNativeTarget "PhotoCut" */;
			buildPhases = (
				E4FDBE2D1DF90404001BD411 /* Sources */,
				E4FDBE2E1DF90404001BD411 /* Frameworks */,
				E4FDBE2F1DF90404001BD411 /* Resources */,
			);
			buildRules = (
			);
			dependencies = (
			);
			name = PhotoCut;
			productName = PhotoCut;
			productReference = E4FDBE311DF90404001BD411 /* PhotoCut.app */;
			productType = "com.apple.product-type.application";
		};
		E4FDBE491DF90404001BD411 /* PhotoCutTests */ = {
			isa = PBXNativeTarget;
			buildConfigurationList = E4FDBE611DF90404001BD411 /* Build configuration list for PBXNativeTarget "PhotoCutTests" */;
			buildPhases = (
				E4FDBE461DF90404001BD411 /* Sources */,
				E4FDBE471DF90404001BD411 /* Frameworks */,
				E4FDBE481DF90404001BD411 /* Resources */,
			);
			buildRules = (
			);
			dependencies = (
				E4FDBE4C1DF90404001BD411 /* PBXTargetDependency */,
			);
			name = PhotoCutTests;
			productName = PhotoCutTests;
			productReference = E4FDBE4A1DF90404001BD411 /* PhotoCutTests.xctest */;
			productType = "com.apple.product-type.bundle.unit-test";
		};
		E4FDBE541DF90404001BD411 /* PhotoCutUITests */ = {
			isa = PBXNativeTarget;
			buildConfigurationList = E4FDBE641DF90404001BD411 /* Build configuration list for PBXNativeTarget "PhotoCutUITests" */;
			buildPhases = (
				E4FDBE511DF90404001BD411 /* Sources */,
				E4FDBE521DF90404001BD411 /* Frameworks */,
				E4FDBE531DF90404001BD411 /* Resources */,
			);
			buildRules = (
			);
			dependencies = (
				E4FDBE571DF90404001BD411 /* PBXTargetDependency */,
			);
			name = PhotoCutUITests;
			productName = PhotoCutUITests;
			productReference = E4FDBE551DF90404001BD411 /* PhotoCutUITests.xctest */;
			productType = "com.apple.product-type.bundle.ui-testing";
		};
/* End PBXNativeTarget section */

/* Begin PBXProject section */
		E4FDBE291DF90404001BD411 /* Project object */ = {
			isa = PBXProject;
			attributes = {
				LastUpgradeCheck = 0810;
				ORGANIZATIONNAME = lihonggui;
				TargetAttributes = {
					E4FDBE301DF90404001BD411 = {
						CreatedOnToolsVersion = 8.1;
						DevelopmentTeam = LXU7268T7F;
						ProvisioningStyle = Automatic;
					};
					E4FDBE491DF90404001BD411 = {
						CreatedOnToolsVersion = 8.1;
						DevelopmentTeam = LXU7268T7F;
						ProvisioningStyle = Automatic;
						TestTargetID = E4FDBE301DF90404001BD411;
					};
					E4FDBE541DF90404001BD411 = {
						CreatedOnToolsVersion = 8.1;
						DevelopmentTeam = LXU7268T7F;
						ProvisioningStyle = Automatic;
						TestTargetID = E4FDBE301DF90404001BD411;
					};
				};
			};
			buildConfigurationList = E4FDBE2C1DF90404001BD411 /* Build configuration list for PBXProject "PhotoCut" */;
			compatibilityVersion = "Xcode 3.2";
			developmentRegion = English;
			hasScannedForEncodings = 0;
			knownRegions = (
				en,
				Base,
			);
			mainGroup = E4FDBE281DF90404001BD411;
			productRefGroup = E4FDBE321DF90404001BD411 /* Products */;
			projectDirPath = "";
			projectRoot = "";
			targets = (
				E4FDBE301DF90404001BD411 /* PhotoCut */,
				E4FDBE491DF90404001BD411 /* PhotoCutTests */,
				E4FDBE541DF90404001BD411 /* PhotoCutUITests */,
			);
		};
/* End PBXProject section */

/* Begin PBXResourcesBuildPhase section */
		E4FDBE2F1DF90404001BD411 /* Resources */ = {
			isa = PBXResourcesBuildPhase;
			buildActionMask = 2147483647;
			files = (
				E4FDBE441DF90404001BD411 /* LaunchScreen.storyboard in Resources */,
				E4FDBE411DF90404001BD411 /* Assets.xcassets in Resources */,
				E4FDBE3F1DF90404001BD411 /* Main.storyboard in Resources */,
			);
			runOnlyForDeploymentPostprocessing = 0;
		};
		E4FDBE481DF90404001BD411 /* Resources */ = {
			isa = PBXResourcesBuildPhase;
			buildActionMask = 2147483647;
			files = (
			);
			runOnlyForDeploymentPostprocessing = 0;
		};
		E4FDBE531DF90404001BD411 /* Resources */ = {
			isa = PBXResourcesBuildPhase;
			buildActionMask = 2147483647;
			files = (
			);
			runOnlyForDeploymentPostprocessing = 0;
		};
/* End PBXResourcesBuildPhase section */

/* Begin PBXSourcesBuildPhase section */
		E4FDBE2D1DF90404001BD411 /* Sources */ = {
			isa = PBXSourcesBuildPhase;
			buildActionMask = 2147483647;
			files = (
				E4FDBE3C1DF90404001BD411 /* ViewController.m in Sources */,
				E4FDBE391DF90404001BD411 /* AppDelegate.m in Sources */,
				E4FDBE361DF90404001BD411 /* main.m in Sources */,
			);
			runOnlyForDeploymentPostprocessing = 0;
		};
		E4FDBE461DF90404001BD411 /* Sources */ = {
			isa = PBXSourcesBuildPhase;
			buildActionMask = 2147483647;
			files = (
				E4FDBE4F1DF90404001BD411 /* PhotoCutTests.m in Sources */,
			);
			runOnlyForDeploymentPostprocessing = 0;
		};
		E4FDBE511DF90404001BD411 /* Sources */ = {
			isa = PBXSourcesBuildPhase;
			buildActionMask = 2147483647;
			files = (
				E4FDBE5A1DF90404001BD411 /* PhotoCutUITests.m in Sources */,
			);
			runOnlyForDeploymentPostprocessing = 0;
		};
/* End PBXSourcesBuildPhase section */

/* Begin PBXTargetDependency section */
		E4FDBE4C1DF90404001BD411 /* PBXTargetDependency */ = {
			isa = PBXTargetDependency;
			target = E4FDBE301DF90404001BD411 /* PhotoCut */;
			targetProxy = E4FDBE4B1DF90404001BD411 /* PBXContainerItemProxy */;
		};
		E4FDBE571DF90404001BD411 /* PBXTargetDependency */ = {
			isa = PBXTargetDependency;
			target = E4FDBE301DF90404001BD411 /* PhotoCut */;
			targetProxy = E4FDBE561DF90404001BD411 /* PBXContainerItemProxy */;
		};
/* End PBXTargetDependency section */

/* Begin PBXVariantGroup section */
		E4FDBE3D1DF90404001BD411 /* Main.storyboard */ = {
			isa = PBXVariantGroup;
			children = (
				E4FDBE3E1DF90404001BD411 /* Base */,
			);
			name = Main.storyboard;
			sourceTree = "<group>";
		};
		E4FDBE421DF90404001BD411 /* LaunchScreen.storyboard */ = {
			isa = PBXVariantGroup;
			children = (
				E4FDBE431DF90404001BD411 /* Base */,
			);
			name = LaunchScreen.storyboard;
			sourceTree = "<group>";
		};
/* End PBXVariantGroup section */

/* Begin XCBuildConfiguration section */
		E4FDBE5C1DF90404001BD411 /* Debug */ = {
			isa = XCBuildConfiguration;
			buildSettings = {
				ALWAYS_SEARCH_USER_PATHS = NO;
				CLANG_ANALYZER_NONNULL = YES;
				CLANG_CXX_LANGUAGE_STANDARD = "gnu++0x";
				CLANG_CXX_LIBRARY = "libc++";
				CLANG_ENABLE_MODULES = YES;
				CLANG_ENABLE_OBJC_ARC = YES;
				CLANG_WARN_BOOL_CONVERSION = YES;
				CLANG_WARN_CONSTANT_CONVERSION = YES;
				CLANG_WARN_DIRECT_OBJC_ISA_USAGE = YES_ERROR;
				CLANG_WARN_DOCUMENTATION_COMMENTS = YES;
				CLANG_WARN_EMPTY_BODY = YES;
				CLANG_WARN_ENUM_CONVERSION = YES;
				CLANG_WARN_INFINITE_RECURSION = YES;
				CLANG_WARN_INT_CONVERSION = YES;
				CLANG_WARN_OBJC_ROOT_CLASS = YES_ERROR;
				CLANG_WARN_SUSPICIOUS_MOVES = YES;
				CLANG_WARN_UNREACHABLE_CODE = YES;
				CLANG_WARN__DUPLICATE_METHOD_MATCH = YES;
				"CODE_SIGN_IDENTITY[sdk=iphoneos*]" = "iPhone Developer";
				COPY_PHASE_STRIP = NO;
				DEBUG_INFORMATION_FORMAT = dwarf;
				ENABLE_STRICT_OBJC_MSGSEND = YES;
				ENABLE_TESTABILITY = YES;
				GCC_C_LANGUAGE_STANDARD = gnu99;
				GCC_DYNAMIC_NO_PIC = NO;
				GCC_NO_COMMON_BLOCKS = YES;
				GCC_OPTIMIZATION_LEVEL = 0;
				GCC_PREPROCESSOR_DEFINITIONS = (
					"DEBUG=1",
					"$(inherited)",
				);
				GCC_WARN_64_TO_32_BIT_CONVERSION = YES;
				GCC_WARN_ABOUT_RETURN_TYPE = YES_ERROR;
				GCC_WARN_UNDECLARED_SELECTOR = YES;
				GCC_WARN_UNINITIALIZED_AUTOS = YES_AGGRESSIVE;
				GCC_WARN_UNUSED_FUNCTION = YES;
				GCC_WARN_UNUSED_VARIABLE = YES;
				IPHONEOS_DEPLOYMENT_TARGET = 10.1;
				MTL_ENABLE_DEBUG_INFO = YES;
				ONLY_ACTIVE_ARCH = YES;
				SDKROOT = iphoneos;
			};
			name = Debug;
		};
		E4FDBE5D1DF90404001BD411 /* Release */ = {
			isa = XCBuildConfiguration;
			buildSettings = {
				ALWAYS_SEARCH_USER_PATHS = NO;
				CLANG_ANALYZER_NONNULL = YES;
				CLANG_CXX_LANGUAGE_STANDARD = "gnu++0x";
				CLANG_CXX_LIBRARY = "libc++";
				CLANG_ENABLE_MODULES = YES;
				CLANG_ENABLE_OBJC_ARC = YES;
				CLANG_WARN_BOOL_CONVERSION = YES;
				CLANG_WARN_CONSTANT_CONVERSION = YES;
				CLANG_WARN_DIRECT_OBJC_ISA_USAGE = YES_ERROR;
				CLANG_WARN_DOCUMENTATION_COMMENTS = YES;
				CLANG_WARN_EMPTY_BODY = YES;
				CLANG_WARN_ENUM_CONVERSION = YES;
				CLANG_WARN_INFINITE_RECURSION = YES;
				CLANG_WARN_INT_CONVERSION = YES;
				CLANG_WARN_OBJC_ROOT_CLASS = YES_ERROR;
				CLANG_WARN_SUSPICIOUS_MOVES = YES;
				CLANG_WARN_UNREACHABLE_CODE = YES;
				CLANG_WARN__DUPLICATE_METHOD_MATCH = YES;
				"CODE_SIGN_IDENTITY[sdk=iphoneos*]" = "iPhone Developer";
				COPY_PHASE_STRIP = NO;
				DEBUG_INFORMATION_FORMAT = "dwarf-with-dsym";
				ENABLE_NS_ASSERTIONS = NO;
				ENABLE_STRICT_OBJC_MSGSEND = YES;
				GCC_C_LANGUAGE_STANDARD = gnu99;
				GCC_NO_COMMON_BLOCKS = YES;
				GCC_WARN_64_TO_32_BIT_CONVERSION = YES;
				GCC_WARN_ABOUT_RETURN_TYPE = YES_ERROR;
				GCC_WARN_UNDECLARED_SELECTOR = YES;
				GCC_WARN_UNINITIALIZED_AUTOS = YES_AGGRESSIVE;
				GCC_WARN_UNUSED_FUNCTION = YES;
				GCC_WARN_UNUSED_VARIABLE = YES;
				IPHONEOS_DEPLOYMENT_TARGET = 10.1;
				MTL_ENABLE_DEBUG_INFO = NO;
				SDKROOT = iphoneos;
				VALIDATE_PRODUCT = YES;
			};
			name = Release;
		};
		E4FDBE5F1DF90404001BD411 /* Debug */ = {
			isa = XCBuildConfiguration;
			buildSettings = {
				ASSETCATALOG_COMPILER_APPICON_NAME = AppIcon;
				DEVELOPMENT_TEAM = LXU7268T7F;
				INFOPLIST_FILE = PhotoCut/Info.plist;
				LD_RUNPATH_SEARCH_PATHS = "$(inherited) @executable_path/Frameworks";
				PRODUCT_BUNDLE_IDENTIFIER = lihonggui1988.PhotoCut;
				PRODUCT_NAME = "$(TARGET_NAME)";
			};
			name = Debug;
		};
		E4FDBE601DF90404001BD411 /* Release */ = {
			isa = XCBuildConfiguration;
			buildSettings = {
				ASSETCATALOG_COMPILER_APPICON_NAME = AppIcon;
				DEVELOPMENT_TEAM = LXU7268T7F;
				INFOPLIST_FILE = PhotoCut/Info.plist;
				LD_RUNPATH_SEARCH_PATHS = "$(inherited) @executable_path/Frameworks";
				PRODUCT_BUNDLE_IDENTIFIER = lihonggui1988.PhotoCut;
				PRODUCT_NAME = "$(TARGET_NAME)";
			};
			name = Release;
		};
		E4FDBE621DF90404001BD411 /* Debug */ = {
			isa = XCBuildConfiguration;
			buildSettings = {
				BUNDLE_LOADER = "$(TEST_HOST)";
				DEVELOPMENT_TEAM = LXU7268T7F;
				INFOPLIST_FILE = PhotoCutTests/Info.plist;
				LD_RUNPATH_SEARCH_PATHS = "$(inherited) @executable_path/Frameworks @loader_path/Frameworks";
				PRODUCT_BUNDLE_IDENTIFIER = lihonggui1988.PhotoCutTests;
				PRODUCT_NAME = "$(TARGET_NAME)";
				TEST_HOST = "$(BUILT_PRODUCTS_DIR)/PhotoCut.app/PhotoCut";
			};
			name = Debug;
		};
		E4FDBE631DF90404001BD411 /* Release */ = {
			isa = XCBuildConfiguration;
			buildSettings = {
				BUNDLE_LOADER = "$(TEST_HOST)";
				DEVELOPMENT_TEAM = LXU7268T7F;
				INFOPLIST_FILE = PhotoCutTests/Info.plist;
				LD_RUNPATH_SEARCH_PATHS = "$(inherited) @executable_path/Frameworks @loader_path/Frameworks";
				PRODUCT_BUNDLE_IDENTIFIER = lihonggui1988.PhotoCutTests;
				PRODUCT_NAME = "$(TARGET_NAME)";
				TEST_HOST = "$(BUILT_PRODUCTS_DIR)/PhotoCut.app/PhotoCut";
			};
			name = Release;
		};
		E4FDBE651DF90404001BD411 /* Debug */ = {
			isa = XCBuildConfiguration;
			buildSettings = {
				DEVELOPMENT_TEAM = LXU7268T7F;
				INFOPLIST_FILE = PhotoCutUITests/Info.plist;
				LD_RUNPATH_SEARCH_PATHS = "$(inherited) @executable_path/Frameworks @loader_path/Frameworks";
				PRODUCT_BUNDLE_IDENTIFIER = lihonggui1988.PhotoCutUITests;
				PRODUCT_NAME = "$(TARGET_NAME)";
				TEST_TARGET_NAME = PhotoCut;
			};
			name = Debug;
		};
		E4FDBE661DF90404001BD411 /* Release */ = {
			isa = XCBuildConfiguration;
			buildSettings = {
				DEVELOPMENT_TEAM = LXU7268T7F;
				INFOPLIST_FILE = PhotoCutUITests/Info.plist;
				LD_RUNPATH_SEARCH_PATHS = "$(inherited) @executable_path/Frameworks @loader_path/Frameworks";
				PRODUCT_BUNDLE_IDENTIFIER = lihonggui1988.PhotoCutUITests;
				PRODUCT_NAME = "$(TARGET_NAME)";
				TEST_TARGET_NAME = PhotoCut;
			};
			name = Release;
		};
/* End XCBuildConfiguration section */

/* Begin XCConfigurationList section */
		E4FDBE2C1DF90404001BD411 /* Build configuration list for PBXProject "PhotoCut" */ = {
			isa = XCConfigurationList;
			buildConfigurations = (
				E4FDBE5C1DF90404001BD411 /* Debug */,
				E4FDBE5D1DF90404001BD411 /* Release */,
			);
			defaultConfigurationIsVisible = 0;
			defaultConfigurationName = Release;
		};
		E4FDBE5E1DF90404001BD411 /* Build configuration list for PBXNativeTarget "PhotoCut" */ = {
			isa = XCConfigurationList;
			buildConfigurations = (
				E4FDBE5F1DF90404001BD411 /* Debug */,
				E4FDBE601DF90404001BD411 /* Release */,
			);
			defaultConfigurationIsVisible = 0;
		};
		E4FDBE611DF90404001BD411 /* Build configuration list for PBXNativeTarget "PhotoCutTests" */ = {
			isa = XCConfigurationList;
			buildConfigurations = (
				E4FDBE621DF90404001BD411 /* Debug */,
				E4FDBE631DF90404001BD411 /* Release */,
			);
			defaultConfigurationIsVisible = 0;
		};
		E4FDBE641DF90404001BD411 /* Build configuration list for PBXNativeTarget "PhotoCutUITests" */ = {
			isa = XCConfigurationList;
			buildConfigurations = (
				E4FDBE651DF90404001BD411 /* Debug */,
				E4FDBE661DF90404001BD411 /* Release */,
			);
			defaultConfigurationIsVisible = 0;
		};
/* End XCConfigurationList section */
	};
	rootObject = E4FDBE291DF90404001BD411 /* Project object */;
}
